
Microsoft Visual Studio Solution File, Format Version 12.00
# Visual Studio Version 16
VisualStudioVersion = 16.0.31205.134
MinimumVisualStudioVersion = 10.0.40219.1
Project("{FAE04EC0-301F-11D3-BF4B-00C04F79EFBC}") = "BullsAndCows", "BullsAndCows\BullsAndCows.csproj", "{14C98805-B5F8-41C0-9FCA-AC95C26AE5B2}"
EndProject
Global
	GlobalSection(SolutionConfigurationPlatforms) = preSolution
		Debug|Any CPU = Debug|Any CPU
		Release|Any CPU = Release|Any CPU
	EndGlobalSection
	GlobalSection(ProjectConfigurationPlatforms) = postSolution
		{14C98805-B5F8-41C0-9FCA-AC95C26AE5B2}.Debug|Any CPU.ActiveCfg = Debug|Any CPU
		{14C98805-B5F8-41C0-9FCA-AC95C26AE5B2}.Debug|Any CPU.Build.0 = Debug|Any CPU
		{14C98805-B5F8-41C0-9FCA-AC95C26AE5B2}.Release|Any CPU.ActiveCfg = Release|Any CPU
		{14C98805-B5F8-41C0-9FCA-AC95C26AE5B2}.Release|Any CPU.Build.0 = Release|Any CPU
	EndGlobalSection
	GlobalSection(SolutionProperties) = preSolution
		HideSolutionNode = FALSE
	EndGlobalSection
	GlobalSection(ExtensibilityGlobals) = postSolution
		SolutionGuid = {D0B35CD8-14A6-4E15-8278-C5E418E3B195}
	EndGlobalSection
EndGlobal
