
Microsoft Visual Studio Solution File, Format Version 12.00
# Visual Studio Version 16
VisualStudioVersion = 16.0.31321.278
MinimumVisualStudioVersion = 10.0.40219.1
Project("{9A19103F-16F7-4668-BE54-9A1E7A4F7556}") = "TryToFixEverything", "TryToFixEverything\TryToFixEverything.csproj", "{832718AA-7BDF-4205-8798-D80BB7DCBE08}"
EndProject
Project("{9A19103F-16F7-4668-BE54-9A1E7A4F7556}") = "Core", "Core\Core.csproj", "{980F199C-3CA2-482A-8363-2770260D57F3}"
EndProject
Project("{9A19103F-16F7-4668-BE54-9A1E7A4F7556}") = "BLL", "BLL\BLL.csproj", "{DFCC10C5-3D0D-4752-99EF-B2D3C14A089E}"
EndProject
Project("{9A19103F-16F7-4668-BE54-9A1E7A4F7556}") = "DAL", "DAL\DAL.csproj", "{F64DF463-C88B-42A7-9CC0-EC5CBA8D25D0}"
EndProject
Global
	GlobalSection(SolutionConfigurationPlatforms) = preSolution
		Debug|Any CPU = Debug|Any CPU
		Release|Any CPU = Release|Any CPU
	EndGlobalSection
	GlobalSection(ProjectConfigurationPlatforms) = postSolution
		{832718AA-7BDF-4205-8798-D80BB7DCBE08}.Debug|Any CPU.ActiveCfg = Debug|Any CPU
		{832718AA-7BDF-4205-8798-D80BB7DCBE08}.Debug|Any CPU.Build.0 = Debug|Any CPU
		{832718AA-7BDF-4205-8798-D80BB7DCBE08}.Release|Any CPU.ActiveCfg = Release|Any CPU
		{832718AA-7BDF-4205-8798-D80BB7DCBE08}.Release|Any CPU.Build.0 = Release|Any CPU
		{980F199C-3CA2-482A-8363-2770260D57F3}.Debug|Any CPU.ActiveCfg = Debug|Any CPU
		{980F199C-3CA2-482A-8363-2770260D57F3}.Debug|Any CPU.Build.0 = Debug|Any CPU
		{980F199C-3CA2-482A-8363-2770260D57F3}.Release|Any CPU.ActiveCfg = Release|Any CPU
		{980F199C-3CA2-482A-8363-2770260D57F3}.Release|Any CPU.Build.0 = Release|Any CPU
		{DFCC10C5-3D0D-4752-99EF-B2D3C14A089E}.Debug|Any CPU.ActiveCfg = Debug|Any CPU
		{DFCC10C5-3D0D-4752-99EF-B2D3C14A089E}.Debug|Any CPU.Build.0 = Debug|Any CPU
		{DFCC10C5-3D0D-4752-99EF-B2D3C14A089E}.Release|Any CPU.ActiveCfg = Release|Any CPU
		{DFCC10C5-3D0D-4752-99EF-B2D3C14A089E}.Release|Any CPU.Build.0 = Release|Any CPU
		{F64DF463-C88B-42A7-9CC0-EC5CBA8D25D0}.Debug|Any CPU.ActiveCfg = Debug|Any CPU
		{F64DF463-C88B-42A7-9CC0-EC5CBA8D25D0}.Debug|Any CPU.Build.0 = Debug|Any CPU
		{F64DF463-C88B-42A7-9CC0-EC5CBA8D25D0}.Release|Any CPU.ActiveCfg = Release|Any CPU
		{F64DF463-C88B-42A7-9CC0-EC5CBA8D25D0}.Release|Any CPU.Build.0 = Release|Any CPU
	EndGlobalSection
	GlobalSection(SolutionProperties) = preSolution
		HideSolutionNode = FALSE
	EndGlobalSection
	GlobalSection(ExtensibilityGlobals) = postSolution
		SolutionGuid = {75D4BE57-E05F-4F45-BF67-7D5DC9AD6404}
	EndGlobalSection
EndGlobal
