
Microsoft Visual Studio Solution File, Format Version 12.00
# Visual Studio Version 16
VisualStudioVersion = 16.0.31321.278
MinimumVisualStudioVersion = 10.0.40219.1
Project("{FAE04EC0-301F-11D3-BF4B-00C04F79EFBC}") = "Practice9july", "Practice9july\Practice9july.csproj", "{87DC57C9-ED07-4698-8F6C-F653CDD95E16}"
EndProject
Global
	GlobalSection(SolutionConfigurationPlatforms) = preSolution
		Debug|Any CPU = Debug|Any CPU
		Release|Any CPU = Release|Any CPU
	EndGlobalSection
	GlobalSection(ProjectConfigurationPlatforms) = postSolution
		{87DC57C9-ED07-4698-8F6C-F653CDD95E16}.Debug|Any CPU.ActiveCfg = Debug|Any CPU
		{87DC57C9-ED07-4698-8F6C-F653CDD95E16}.Debug|Any CPU.Build.0 = Debug|Any CPU
		{87DC57C9-ED07-4698-8F6C-F653CDD95E16}.Release|Any CPU.ActiveCfg = Release|Any CPU
		{87DC57C9-ED07-4698-8F6C-F653CDD95E16}.Release|Any CPU.Build.0 = Release|Any CPU
	EndGlobalSection
	GlobalSection(SolutionProperties) = preSolution
		HideSolutionNode = FALSE
	EndGlobalSection
	GlobalSection(ExtensibilityGlobals) = postSolution
		SolutionGuid = {DCB1F08B-57A3-4090-BD4E-FF9C08675ACD}
	EndGlobalSection
EndGlobal
